<?xml version="1.0" encoding="utf-8"?>
<Project ToolsVersion="4.0" xmlns="http://schemas.microsoft.com/developer/msbuild/2003">
  <ItemGroup>
    <Filter Include="Main">
      <UniqueIdentifier>{f6d7353b-e101-4da1-aaa9-f526ce2f55a0}</UniqueIdentifier>
    </Filter>
    <Filter Include="Dependence">
      <UniqueIdentifier>{c261dae3-ae9d-4624-82db-b1184240f00e}</UniqueIdentifier>
    </Filter>
    <Filter Include="Dependence\NaLibrary">
      <UniqueIdentifier>{02136ecf-8a82-4908-8aa5-2480389b7ba4}</UniqueIdentifier>
    </Filter>
    <Filter Include="Config">
      <UniqueIdentifier>{7a724616-c728-4883-a881-3c2769e8ef05}</UniqueIdentifier>
    </Filter>
    <Filter Include="Core">
      <UniqueIdentifier>{e1b6cee7-703d-46af-b205-dca0797b87f2}</UniqueIdentifier>
    </Filter>
    <Filter Include="Dependence\NaLibrary\NaLogger">
      <UniqueIdentifier>{7aaef235-29bf-486f-83eb-67515ed2f1d3}</UniqueIdentifier>
    </Filter>
  </ItemGroup>
  <ItemGroup>
    <ClCompile Include="dllMain.cpp">
      <Filter>Main</Filter>
    </ClCompile>
    <ClCompile Include="Main.cpp">
      <Filter>Main</Filter>
    </ClCompile>
    <ClCompile Include="Dependence\NaLibrary\NaLogger\NaLogger.cpp">
      <Filter>Dependence\NaLibrary\NaLogger</Filter>
    </ClCompile>
  </ItemGroup>
  <ItemGroup>
    <ClInclude Include="Main.h">
      <Filter>Main</Filter>
    </ClInclude>
    <ClInclude Include="Config\Logger.h">
      <Filter>Config</Filter>
    </ClInclude>
    <ClInclude Include="Dependence\NaLibrary\NaLogger\NaLogger.h">
      <Filter>Dependence\NaLibrary\NaLogger</Filter>
    </ClInclude>
    <ClInclude Include="Core\Core.h">
      <Filter>Core</Filter>
    </ClInclude>
  </ItemGroup>
</Project>
